PODS:
  - desktop_clipboard (0.0.1):
    - FlutterMacOS
  - FlutterMacOS (1.0.0)

DEPENDENCIES:
  - desktop_clipboard (from `Flutter/ephemeral/.symlinks/plugins/desktop_clipboard/macos`)
  - FlutterMacOS (from `Flutter/ephemeral`)

EXTERNAL SOURCES:
  desktop_clipboard:
    :path: Flutter/ephemeral/.symlinks/plugins/desktop_clipboard/macos
  FlutterMacOS:
    :path: Flutter/ephemeral

SPEC CHECKSUMS:
  desktop_clipboard: 787d611f74a5a0b67ee669329dc2502ecfa86898
  FlutterMacOS: 8f6f14fa908a6fb3fba0cd85dbd81ec4b251fb24

PODFILE CHECKSUM: 236401fc2c932af29a9fcf0e97baeeb2d750d367

COCOAPODS: 1.11.2
